{
    "_meta": {
        "hash": {
            "sha256": "6d50f6906fad5b28a56b37b7aac2d2accc832e101c9f48e6f67051f09741cbe1"
        },
        "pipfile-spec": 6,
        "requires": {
            "python_version": "3.8"
        },
        "sources": [
            {
                "name": "pypi",
                "url": "https://pypi.org/simple",
                "verify_ssl": true
            }
        ]
    },
    "default": {},
    "develop": {
        "setuptools": {
            "hashes": [
                "sha256:273b6847ae61f7829c1affcdd9a32f67aa65233be508f4fbaab866c5faa4e408",
                "sha256:d5340d16943a0f67057329db59b564e938bb3736c6e50ae16ea84d5e5d9ba6d0"
            ],
            "index": "pypi",
            "version": "==63.3.0"
        }
    }
}
